
Microsoft Visual Studio Solution File, Format Version 12.00
# Visual Studio Version 17
VisualStudioVersion = 17.10.34928.147
MinimumVisualStudioVersion = 10.0.40219.1
Project("{FAE04EC0-301F-11D3-BF4B-00C04F79EFBC}") = "GUI prototyp", "GUI prototyp\GUI prototyp.csproj", "{38E1476A-5CF1-4C7E-8C32-C6B9F5E2682C}"
EndProject
Global
	GlobalSection(SolutionConfigurationPlatforms) = preSolution
		Debug|Any CPU = Debug|Any CPU
		Release|Any CPU = Release|Any CPU
	EndGlobalSection
	GlobalSection(ProjectConfigurationPlatforms) = postSolution
		{38E1476A-5CF1-4C7E-8C32-C6B9F5E2682C}.Debug|Any CPU.ActiveCfg = Debug|Any CPU
		{38E1476A-5CF1-4C7E-8C32-C6B9F5E2682C}.Debug|Any CPU.Build.0 = Debug|Any CPU
		{38E1476A-5CF1-4C7E-8C32-C6B9F5E2682C}.Release|Any CPU.ActiveCfg = Release|Any CPU
		{38E1476A-5CF1-4C7E-8C32-C6B9F5E2682C}.Release|Any CPU.Build.0 = Release|Any CPU
	EndGlobalSection
	GlobalSection(SolutionProperties) = preSolution
		HideSolutionNode = FALSE
	EndGlobalSection
	GlobalSection(ExtensibilityGlobals) = postSolution
		SolutionGuid = {AA42719C-788F-4A22-BAA5-04F7F0C9A0E6}
	EndGlobalSection
EndGlobal
